
Microsoft Visual Studio Solution File, Format Version 12.00
# Visual Studio 15
VisualStudioVersion = 15.0.28307.1022
MinimumVisualStudioVersion = 10.0.40219.1
Project("{FAE04EC0-301F-11D3-BF4B-00C04F79EFBC}") = "talking_clock", "talking_clock\talking_clock.csproj", "{40182AB4-0F1C-4ACE-9199-9697DB9716D4}"
EndProject
Global
	GlobalSection(SolutionConfigurationPlatforms) = preSolution
		Debug|Any CPU = Debug|Any CPU
		Release|Any CPU = Release|Any CPU
	EndGlobalSection
	GlobalSection(ProjectConfigurationPlatforms) = postSolution
		{40182AB4-0F1C-4ACE-9199-9697DB9716D4}.Debug|Any CPU.ActiveCfg = Debug|Any CPU
		{40182AB4-0F1C-4ACE-9199-9697DB9716D4}.Debug|Any CPU.Build.0 = Debug|Any CPU
		{40182AB4-0F1C-4ACE-9199-9697DB9716D4}.Release|Any CPU.ActiveCfg = Release|Any CPU
		{40182AB4-0F1C-4ACE-9199-9697DB9716D4}.Release|Any CPU.Build.0 = Release|Any CPU
	EndGlobalSection
	GlobalSection(SolutionProperties) = preSolution
		HideSolutionNode = FALSE
	EndGlobalSection
	GlobalSection(ExtensibilityGlobals) = postSolution
		SolutionGuid = {159A6A38-4F00-4C4D-B08E-97E51E963B84}
	EndGlobalSection
EndGlobal
